// !$*UTF8*$!
{
	archiveVersion = 1;
	classes = {
	};
	objectVersion = 46;
	objects = {

/* Begin PBXBuildFile section */
		1FCDAA5519DA4CF6000C81B0 /* AppDelegate.swift in Sources */ = {isa = PBXBuildFile; fileRef = 1FCDAA5419DA4CF6000C81B0 /* AppDelegate.swift */; };
		1FCDAA5719DA4CF6000C81B0 /* ViewController.swift in Sources */ = {isa = PBXBuildFile; fileRef = 1FCDAA5619DA4CF6000C81B0 /* ViewController.swift */; };
		1FCDAA5A19DA4CF6000C81B0 /* Main.storyboard in Resources */ = {isa = PBXBuildFile; fileRef = 1FCDAA5819DA4CF6000C81B0 /* Main.storyboard */; };
		1FCDAA5C19DA4CF6000C81B0 /* Images.xcassets in Resources */ = {isa = PBXBuildFile; fileRef = 1FCDAA5B19DA4CF6000C81B0 /* Images.xcassets */; };
		1FCDAA5F19DA4CF6000C81B0 /* LaunchScreen.xib in Resources */ = {isa = PBXBuildFile; fileRef = 1FCDAA5D19DA4CF6000C81B0 /* LaunchScreen.xib */; };
		1FCDAA6B19DA4CF6000C81B0 /* CanvasTests.swift in Sources */ = {isa = PBXBuildFile; fileRef = 1FCDAA6A19DA4CF6000C81B0 /* CanvasTests.swift */; };
/* End PBXBuildFile section */

/* Begin PBXContainerItemProxy section */
		1FCDAA6519DA4CF6000C81B0 /* PBXContainerItemProxy */ = {
			isa = PBXContainerItemProxy;
			containerPortal = 1FCDAA4719DA4CF6000C81B0 /* Project object */;
			proxyType = 1;
			remoteGlobalIDString = 1FCDAA4E19DA4CF6000C81B0;
			remoteInfo = Canvas;
		};
/* End PBXContainerItemProxy section */

/* Begin PBXFileReference section */
		1FCDAA4F19DA4CF6000C81B0 /* Canvas.app */ = {isa = PBXFileReference; explicitFileType = wrapper.application; includeInIndex = 0; path = Canvas.app; sourceTree = BUILT_PRODUCTS_DIR; };
		1FCDAA5319DA4CF6000C81B0 /* Info.plist */ = {isa = PBXFileReference; lastKnownFileType = text.plist.xml; path = Info.plist; sourceTree = "<group>"; };
		1FCDAA5419DA4CF6000C81B0 /* AppDelegate.swift */ = {isa = PBXFileReference; lastKnownFileType = sourcecode.swift; path = AppDelegate.swift; sourceTree = "<group>"; };
		1FCDAA5619DA4CF6000C81B0 /* ViewController.swift */ = {isa = PBXFileReference; lastKnownFileType = sourcecode.swift; path = ViewController.swift; sourceTree = "<group>"; };
		1FCDAA5919DA4CF6000C81B0 /* Base */ = {isa = PBXFileReference; lastKnownFileType = file.storyboard; name = Base; path = Base.lproj/Main.storyboard; sourceTree = "<group>"; };
		1FCDAA5B19DA4CF6000C81B0 /* Images.xcassets */ = {isa = PBXFileReference; lastKnownFileType = folder.assetcatalog; path = Images.xcassets; sourceTree = "<group>"; };
		1FCDAA5E19DA4CF6000C81B0 /* Base */ = {isa = PBXFileReference; lastKnownFileType = file.xib; name = Base; path = Base.lproj/LaunchScreen.xib; sourceTree = "<group>"; };
		1FCDAA6419DA4CF6000C81B0 /* CanvasTests.xctest */ = {isa = PBXFileReference; explicitFileType = wrapper.cfbundle; includeInIndex = 0; path = CanvasTests.xctest; sourceTree = BUILT_PRODUCTS_DIR; };
		1FCDAA6919DA4CF6000C81B0 /* Info.plist */ = {isa = PBXFileReference; lastKnownFileType = text.plist.xml; path = Info.plist; sourceTree = "<group>"; };
		1FCDAA6A19DA4CF6000C81B0 /* CanvasTests.swift */ = {isa = PBXFileReference; lastKnownFileType = sourcecode.swift; path = CanvasTests.swift; sourceTree = "<group>"; };
/* End PBXFileReference section */

/* Begin PBXFrameworksBuildPhase section */
		1FCDAA4C19DA4CF6000C81B0 /* Frameworks */ = {
			isa = PBXFrameworksBuildPhase;
			buildActionMask = 2147483647;
			files = (
			);
			runOnlyForDeploymentPostprocessing = 0;
		};
		1FCDAA6119DA4CF6000C81B0 /* Frameworks */ = {
			isa = PBXFrameworksBuildPhase;
			buildActionMask = 2147483647;
			files = (
			);
			runOnlyForDeploymentPostprocessing = 0;
		};
/* End PBXFrameworksBuildPhase section */

/* Begin PBXGroup section */
		1FCDAA4619DA4CF6000C81B0 = {
			isa = PBXGroup;
			children = (
				1FCDAA5119DA4CF6000C81B0 /* Canvas */,
				1FCDAA6719DA4CF6000C81B0 /* CanvasTests */,
				1FCDAA5019DA4CF6000C81B0 /* Products */,
			);
			sourceTree = "<group>";
		};
		1FCDAA5019DA4CF6000C81B0 /* Products */ = {
			isa = PBXGroup;
			children = (
				1FCDAA4F19DA4CF6000C81B0 /* Canvas.app */,
				1FCDAA6419DA4CF6000C81B0 /* CanvasTests.xctest */,
			);
			name = Products;
			sourceTree = "<group>";
		};
		1FCDAA5119DA4CF6000C81B0 /* Canvas */ = {
			isa = PBXGroup;
			children = (
				1FCDAA5419DA4CF6000C81B0 /* AppDelegate.swift */,
				1FCDAA5619DA4CF6000C81B0 /* ViewController.swift */,
				1FCDAA5819DA4CF6000C81B0 /* Main.storyboard */,
				1FCDAA5B19DA4CF6000C81B0 /* Images.xcassets */,
				1FCDAA5D19DA4CF6000C81B0 /* LaunchScreen.xib */,
				1FCDAA5219DA4CF6000C81B0 /* Supporting Files */,
			);
			path = Canvas;
			sourceTree = "<group>";
		};
		1FCDAA5219DA4CF6000C81B0 /* Supporting Files */ = {
			isa = PBXGroup;
			children = (
				1FCDAA5319DA4CF6000C81B0 /* Info.plist */,
			);
			name = "Supporting Files";
			sourceTree = "<group>";
		};
		1FCDAA6719DA4CF6000C81B0 /* CanvasTests */ = {
			isa = PBXGroup;
			children = (
				1FCDAA6A19DA4CF6000C81B0 /* CanvasTests.swift */,
				1FCDAA6819DA4CF6000C81B0 /* Supporting Files */,
			);
			path = CanvasTests;
			sourceTree = "<group>";
		};
		1FCDAA6819DA4CF6000C81B0 /* Supporting Files */ = {
			isa = PBXGroup;
			children = (
				1FCDAA6919DA4CF6000C81B0 /* Info.plist */,
			);
			name = "Supporting Files";
			sourceTree = "<group>";
		};
/* End PBXGroup section */

/* Begin PBXNativeTarget section */
		1FCDAA4E19DA4CF6000C81B0 /* Canvas */ = {
			isa = PBXNativeTarget;
			buildConfigurationList = 1FCDAA6E19DA4CF6000C81B0 /* Build configuration list for PBXNativeTarget "Canvas" */;
			buildPhases = (
				1FCDAA4B19DA4CF6000C81B0 /* Sources */,
				1FCDAA4C19DA4CF6000C81B0 /* Frameworks */,
				1FCDAA4D19DA4CF6000C81B0 /* Resources */,
			);
			buildRules = (
			);
			dependencies = (
			);
			name = Canvas;
			productName = Canvas;
			productReference = 1FCDAA4F19DA4CF6000C81B0 /* Canvas.app */;
			productType = "com.apple.product-type.application";
		};
		1FCDAA6319DA4CF6000C81B0 /* CanvasTests */ = {
			isa = PBXNativeTarget;
			buildConfigurationList = 1FCDAA7119DA4CF6000C81B0 /* Build configuration list for PBXNativeTarget "CanvasTests" */;
			buildPhases = (
				1FCDAA6019DA4CF6000C81B0 /* Sources */,
				1FCDAA6119DA4CF6000C81B0 /* Frameworks */,
				1FCDAA6219DA4CF6000C81B0 /* Resources */,
			);
			buildRules = (
			);
			dependencies = (
				1FCDAA6619DA4CF6000C81B0 /* PBXTargetDependency */,
			);
			name = CanvasTests;
			productName = CanvasTests;
			productReference = 1FCDAA6419DA4CF6000C81B0 /* CanvasTests.xctest */;
			productType = "com.apple.product-type.bundle.unit-test";
		};
/* End PBXNativeTarget section */

/* Begin PBXProject section */
		1FCDAA4719DA4CF6000C81B0 /* Project object */ = {
			isa = PBXProject;
			attributes = {
				LastUpgradeCheck = 0600;
				ORGANIZATIONNAME = "Jeff Smith";
				TargetAttributes = {
					1FCDAA4E19DA4CF6000C81B0 = {
						CreatedOnToolsVersion = 6.0;
					};
					1FCDAA6319DA4CF6000C81B0 = {
						CreatedOnToolsVersion = 6.0;
						TestTargetID = 1FCDAA4E19DA4CF6000C81B0;
					};
				};
			};
			buildConfigurationList = 1FCDAA4A19DA4CF6000C81B0 /* Build configuration list for PBXProject "Canvas" */;
			compatibilityVersion = "Xcode 3.2";
			developmentRegion = English;
			hasScannedForEncodings = 0;
			knownRegions = (
				en,
				Base,
			);
			mainGroup = 1FCDAA4619DA4CF6000C81B0;
			productRefGroup = 1FCDAA5019DA4CF6000C81B0 /* Products */;
			projectDirPath = "";
			projectRoot = "";
			targets = (
				1FCDAA4E19DA4CF6000C81B0 /* Canvas */,
				1FCDAA6319DA4CF6000C81B0 /* CanvasTests */,
			);
		};
/* End PBXProject section */

/* Begin PBXResourcesBuildPhase section */
		1FCDAA4D19DA4CF6000C81B0 /* Resources */ = {
			isa = PBXResourcesBuildPhase;
			buildActionMask = 2147483647;
			files = (
				1FCDAA5A19DA4CF6000C81B0 /* Main.storyboard in Resources */,
				1FCDAA5F19DA4CF6000C81B0 /* LaunchScreen.xib in Resources */,
				1FCDAA5C19DA4CF6000C81B0 /* Images.xcassets in Resources */,
			);
			runOnlyForDeploymentPostprocessing = 0;
		};
		1FCDAA6219DA4CF6000C81B0 /* Resources */ = {
			isa = PBXResourcesBuildPhase;
			buildActionMask = 2147483647;
			files = (
			);
			runOnlyForDeploymentPostprocessing = 0;
		};
/* End PBXResourcesBuildPhase section */

/* Begin PBXSourcesBuildPhase section */
		1FCDAA4B19DA4CF6000C81B0 /* Sources */ = {
			isa = PBXSourcesBuildPhase;
			buildActionMask = 2147483647;
			files = (
				1FCDAA5719DA4CF6000C81B0 /* ViewController.swift in Sources */,
				1FCDAA5519DA4CF6000C81B0 /* AppDelegate.swift in Sources */,
			);
			runOnlyForDeploymentPostprocessing = 0;
		};
		1FCDAA6019DA4CF6000C81B0 /* Sources */ = {
			isa = PBXSourcesBuildPhase;
			buildActionMask = 2147483647;
			files = (
				1FCDAA6B19DA4CF6000C81B0 /* CanvasTests.swift in Sources */,
			);
			runOnlyForDeploymentPostprocessing = 0;
		};
/* End PBXSourcesBuildPhase section */

/* Begin PBXTargetDependency section */
		1FCDAA6619DA4CF6000C81B0 /* PBXTargetDependency */ = {
			isa = PBXTargetDependency;
			target = 1FCDAA4E19DA4CF6000C81B0 /* Canvas */;
			targetProxy = 1FCDAA6519DA4CF6000C81B0 /* PBXContainerItemProxy */;
		};
/* End PBXTargetDependency section */

/* Begin PBXVariantGroup section */
		1FCDAA5819DA4CF6000C81B0 /* Main.storyboard */ = {
			isa = PBXVariantGroup;
			children = (
				1FCDAA5919DA4CF6000C81B0 /* Base */,
			);
			name = Main.storyboard;
			sourceTree = "<group>";
		};
		1FCDAA5D19DA4CF6000C81B0 /* LaunchScreen.xib */ = {
			isa = PBXVariantGroup;
			children = (
				1FCDAA5E19DA4CF6000C81B0 /* Base */,
			);
			name = LaunchScreen.xib;
			sourceTree = "<group>";
		};
/* End PBXVariantGroup section */

/* Begin XCBuildConfiguration section */
		1FCDAA6C19DA4CF6000C81B0 /* Debug */ = {
			isa = XCBuildConfiguration;
			buildSettings = {
				ALWAYS_SEARCH_USER_PATHS = NO;
				CLANG_CXX_LANGUAGE_STANDARD = "gnu++0x";
				CLANG_CXX_LIBRARY = "libc++";
				CLANG_ENABLE_MODULES = YES;
				CLANG_ENABLE_OBJC_ARC = YES;
				CLANG_WARN_BOOL_CONVERSION = YES;
				CLANG_WARN_CONSTANT_CONVERSION = YES;
				CLANG_WARN_DIRECT_OBJC_ISA_USAGE = YES_ERROR;
				CLANG_WARN_EMPTY_BODY = YES;
				CLANG_WARN_ENUM_CONVERSION = YES;
				CLANG_WARN_INT_CONVERSION = YES;
				CLANG_WARN_OBJC_ROOT_CLASS = YES_ERROR;
				CLANG_WARN_UNREACHABLE_CODE = YES;
				CLANG_WARN__DUPLICATE_METHOD_MATCH = YES;
				"CODE_SIGN_IDENTITY[sdk=iphoneos*]" = "iPhone Developer";
				COPY_PHASE_STRIP = NO;
				ENABLE_STRICT_OBJC_MSGSEND = YES;
				GCC_C_LANGUAGE_STANDARD = gnu99;
				GCC_DYNAMIC_NO_PIC = NO;
				GCC_OPTIMIZATION_LEVEL = 0;
				GCC_PREPROCESSOR_DEFINITIONS = (
					"DEBUG=1",
					"$(inherited)",
				);
				GCC_SYMBOLS_PRIVATE_EXTERN = NO;
				GCC_WARN_64_TO_32_BIT_CONVERSION = YES;
				GCC_WARN_ABOUT_RETURN_TYPE = YES_ERROR;
				GCC_WARN_UNDECLARED_SELECTOR = YES;
				GCC_WARN_UNINITIALIZED_AUTOS = YES_AGGRESSIVE;
				GCC_WARN_UNUSED_FUNCTION = YES;
				GCC_WARN_UNUSED_VARIABLE = YES;
				IPHONEOS_DEPLOYMENT_TARGET = 8.0;
				MTL_ENABLE_DEBUG_INFO = YES;
				ONLY_ACTIVE_ARCH = YES;
				SDKROOT = iphoneos;
				SWIFT_OPTIMIZATION_LEVEL = "-Onone";
			};
			name = Debug;
		};
		1FCDAA6D19DA4CF6000C81B0 /* Release */ = {
			isa = XCBuildConfiguration;
			buildSettings = {
				ALWAYS_SEARCH_USER_PATHS = NO;
				CLANG_CXX_LANGUAGE_STANDARD = "gnu++0x";
				CLANG_CXX_LIBRARY = "libc++";
				CLANG_ENABLE_MODULES = YES;
				CLANG_ENABLE_OBJC_ARC = YES;
				CLANG_WARN_BOOL_CONVERSION = YES;
				CLANG_WARN_CONSTANT_CONVERSION = YES;
				CLANG_WARN_DIRECT_OBJC_ISA_USAGE = YES_ERROR;
				CLANG_WARN_EMPTY_BODY = YES;
				CLANG_WARN_ENUM_CONVERSION = YES;
				CLANG_WARN_INT_CONVERSION = YES;
				CLANG_WARN_OBJC_ROOT_CLASS = YES_ERROR;
				CLANG_WARN_UNREACHABLE_CODE = YES;
				CLANG_WARN__DUPLICATE_METHOD_MATCH = YES;
				"CODE_SIGN_IDENTITY[sdk=iphoneos*]" = "iPhone Developer";
				COPY_PHASE_STRIP = YES;
				ENABLE_NS_ASSERTIONS = NO;
				ENABLE_STRICT_OBJC_MSGSEND = YES;
				GCC_C_LANGUAGE_STANDARD = gnu99;
				GCC_WARN_64_TO_32_BIT_CONVERSION = YES;
				GCC_WARN_ABOUT_RETURN_TYPE = YES_ERROR;
				GCC_WARN_UNDECLARED_SELECTOR = YES;
				GCC_WARN_UNINITIALIZED_AUTOS = YES_AGGRESSIVE;
				GCC_WARN_UNUSED_FUNCTION = YES;
				GCC_WARN_UNUSED_VARIABLE = YES;
				IPHONEOS_DEPLOYMENT_TARGET = 8.0;
				MTL_ENABLE_DEBUG_INFO = NO;
				SDKROOT = iphoneos;
				VALIDATE_PRODUCT = YES;
			};
			name = Release;
		};
		1FCDAA6F19DA4CF6000C81B0 /* Debug */ = {
			isa = XCBuildConfiguration;
			buildSettings = {
				ASSETCATALOG_COMPILER_APPICON_NAME = AppIcon;
				INFOPLIST_FILE = Canvas/Info.plist;
				LD_RUNPATH_SEARCH_PATHS = "$(inherited) @executable_path/Frameworks";
				PRODUCT_NAME = "$(TARGET_NAME)";
			};
			name = Debug;
		};
		1FCDAA7019DA4CF6000C81B0 /* Release */ = {
			isa = XCBuildConfiguration;
			buildSettings = {
				ASSETCATALOG_COMPILER_APPICON_NAME = AppIcon;
				INFOPLIST_FILE = Canvas/Info.plist;
				LD_RUNPATH_SEARCH_PATHS = "$(inherited) @executable_path/Frameworks";
				PRODUCT_NAME = "$(TARGET_NAME)";
			};
			name = Release;
		};
		1FCDAA7219DA4CF6000C81B0 /* Debug */ = {
			isa = XCBuildConfiguration;
			buildSettings = {
				BUNDLE_LOADER = "$(TEST_HOST)";
				FRAMEWORK_SEARCH_PATHS = (
					"$(SDKROOT)/Developer/Library/Frameworks",
					"$(inherited)",
				);
				GCC_PREPROCESSOR_DEFINITIONS = (
					"DEBUG=1",
					"$(inherited)",
				);
				INFOPLIST_FILE = CanvasTests/Info.plist;
				LD_RUNPATH_SEARCH_PATHS = "$(inherited) @executable_path/Frameworks @loader_path/Frameworks";
				PRODUCT_NAME = "$(TARGET_NAME)";
				TEST_HOST = "$(BUILT_PRODUCTS_DIR)/Canvas.app/Canvas";
			};
			name = Debug;
		};
		1FCDAA7319DA4CF6000C81B0 /* Release */ = {
			isa = XCBuildConfiguration;
			buildSettings = {
				BUNDLE_LOADER = "$(TEST_HOST)";
				FRAMEWORK_SEARCH_PATHS = (
					"$(SDKROOT)/Developer/Library/Frameworks",
					"$(inherited)",
				);
				INFOPLIST_FILE = CanvasTests/Info.plist;
				LD_RUNPATH_SEARCH_PATHS = "$(inherited) @executable_path/Frameworks @loader_path/Frameworks";
				PRODUCT_NAME = "$(TARGET_NAME)";
				TEST_HOST = "$(BUILT_PRODUCTS_DIR)/Canvas.app/Canvas";
			};
			name = Release;
		};
/* End XCBuildConfiguration section */

/* Begin XCConfigurationList section */
		1FCDAA4A19DA4CF6000C81B0 /* Build configuration list for PBXProject "Canvas" */ = {
			isa = XCConfigurationList;
			buildConfigurations = (
				1FCDAA6C19DA4CF6000C81B0 /* Debug */,
				1FCDAA6D19DA4CF6000C81B0 /* Release */,
			);
			defaultConfigurationIsVisible = 0;
			defaultConfigurationName = Release;
		};
		1FCDAA6E19DA4CF6000C81B0 /* Build configuration list for PBXNativeTarget "Canvas" */ = {
			isa = XCConfigurationList;
			buildConfigurations = (
				1FCDAA6F19DA4CF6000C81B0 /* Debug */,
				1FCDAA7019DA4CF6000C81B0 /* Release */,
			);
			defaultConfigurationIsVisible = 0;
		};
		1FCDAA7119DA4CF6000C81B0 /* Build configuration list for PBXNativeTarget "CanvasTests" */ = {
			isa = XCConfigurationList;
			buildConfigurations = (
				1FCDAA7219DA4CF6000C81B0 /* Debug */,
				1FCDAA7319DA4CF6000C81B0 /* Release */,
			);
			defaultConfigurationIsVisible = 0;
		};
/* End XCConfigurationList section */
	};
	rootObject = 1FCDAA4719DA4CF6000C81B0 /* Project object */;
}
